
Microsoft Visual Studio Solution File, Format Version 12.00
# Visual Studio Version 17
VisualStudioVersion = 17.4.33205.214
MinimumVisualStudioVersion = 10.0.40219.1
Project("{8BC9CEB8-8B4A-11D0-8D11-00A0C91BC942}") = "OOP_Task_Class_2", "OOP_Task_Class_2\OOP_Task_Class_2.vcxproj", "{E15904B6-2FB2-418D-B4D6-76BBEE8B0681}"
EndProject
Global
	GlobalSection(SolutionConfigurationPlatforms) = preSolution
		Debug|x64 = Debug|x64
		Debug|x86 = Debug|x86
		Release|x64 = Release|x64
		Release|x86 = Release|x86
	EndGlobalSection
	GlobalSection(ProjectConfigurationPlatforms) = postSolution
		{E15904B6-2FB2-418D-B4D6-76BBEE8B0681}.Debug|x64.ActiveCfg = Debug|x64
		{E15904B6-2FB2-418D-B4D6-76BBEE8B0681}.Debug|x64.Build.0 = Debug|x64
		{E15904B6-2FB2-418D-B4D6-76BBEE8B0681}.Debug|x86.ActiveCfg = Debug|Win32
		{E15904B6-2FB2-418D-B4D6-76BBEE8B0681}.Debug|x86.Build.0 = Debug|Win32
		{E15904B6-2FB2-418D-B4D6-76BBEE8B0681}.Release|x64.ActiveCfg = Release|x64
		{E15904B6-2FB2-418D-B4D6-76BBEE8B0681}.Release|x64.Build.0 = Release|x64
		{E15904B6-2FB2-418D-B4D6-76BBEE8B0681}.Release|x86.ActiveCfg = Release|Win32
		{E15904B6-2FB2-418D-B4D6-76BBEE8B0681}.Release|x86.Build.0 = Release|Win32
	EndGlobalSection
	GlobalSection(SolutionProperties) = preSolution
		HideSolutionNode = FALSE
	EndGlobalSection
	GlobalSection(ExtensibilityGlobals) = postSolution
		SolutionGuid = {A046A335-D0AD-45A8-8513-EAB2FA23FE1E}
	EndGlobalSection
EndGlobal
